
Microsoft Visual Studio Solution File, Format Version 12.00
# Visual Studio Version 17
VisualStudioVersion = 17.1.32210.238
MinimumVisualStudioVersion = 10.0.40219.1
Project("{9A19103F-16F7-4668-BE54-9A1E7A4F7556}") = "HRM.Services.Cores", "HRM.Services.Cores\HRM.Services.Cores.csproj", "{13FE0C67-F7F3-4CDE-AF5F-A456C167CA3F}"
EndProject
Project("{9A19103F-16F7-4668-BE54-9A1E7A4F7556}") = "HRM.Api", "HRM.Api\HRM.Api.csproj", "{6D5187F4-0653-4964-8A9F-9CEB040D6958}"
EndProject
Project("{9A19103F-16F7-4668-BE54-9A1E7A4F7556}") = "HRM.Common", "HRM.Common\HRM.Common.csproj", "{99F02611-6C48-4939-A647-24D3000A174A}"
EndProject
Project("{9A19103F-16F7-4668-BE54-9A1E7A4F7556}") = "HRM.Document", "HRM.Document\HRM.Document.csproj", "{71D161CC-B765-4DD2-82C2-695E680A3183}"
EndProject
Project("{9A19103F-16F7-4668-BE54-9A1E7A4F7556}") = "HRM.Redis", "HRM.Redis\HRM.Redis.csproj", "{F971CFAD-61C6-4808-A913-8071B01ADCC5}"
EndProject
Project("{9A19103F-16F7-4668-BE54-9A1E7A4F7556}") = "HRM.Models", "HRM.Models\HRM.Models.csproj", "{F4CB12B6-02C8-41B5-B64C-6F7742EA1898}"
EndProject
Project("{9A19103F-16F7-4668-BE54-9A1E7A4F7556}") = "HRM.Services.Projects", "HRM.Services.Projects\HRM.Services.Projects.csproj", "{56ED8D2D-C324-460E-B0A3-76F4C7CA6405}"
EndProject
Global
	GlobalSection(SolutionConfigurationPlatforms) = preSolution
		Debug|Any CPU = Debug|Any CPU
		Debug|x64 = Debug|x64
		Debug|x86 = Debug|x86
		Release|Any CPU = Release|Any CPU
		Release|x64 = Release|x64
		Release|x86 = Release|x86
	EndGlobalSection
	GlobalSection(ProjectConfigurationPlatforms) = postSolution
		{13FE0C67-F7F3-4CDE-AF5F-A456C167CA3F}.Debug|Any CPU.ActiveCfg = Debug|Any CPU
		{13FE0C67-F7F3-4CDE-AF5F-A456C167CA3F}.Debug|Any CPU.Build.0 = Debug|Any CPU
		{13FE0C67-F7F3-4CDE-AF5F-A456C167CA3F}.Debug|x64.ActiveCfg = Debug|Any CPU
		{13FE0C67-F7F3-4CDE-AF5F-A456C167CA3F}.Debug|x64.Build.0 = Debug|Any CPU
		{13FE0C67-F7F3-4CDE-AF5F-A456C167CA3F}.Debug|x86.ActiveCfg = Debug|x86
		{13FE0C67-F7F3-4CDE-AF5F-A456C167CA3F}.Debug|x86.Build.0 = Debug|x86
		{13FE0C67-F7F3-4CDE-AF5F-A456C167CA3F}.Release|Any CPU.ActiveCfg = Release|Any CPU
		{13FE0C67-F7F3-4CDE-AF5F-A456C167CA3F}.Release|Any CPU.Build.0 = Release|Any CPU
		{13FE0C67-F7F3-4CDE-AF5F-A456C167CA3F}.Release|x64.ActiveCfg = Release|Any CPU
		{13FE0C67-F7F3-4CDE-AF5F-A456C167CA3F}.Release|x64.Build.0 = Release|Any CPU
		{13FE0C67-F7F3-4CDE-AF5F-A456C167CA3F}.Release|x86.ActiveCfg = Release|x86
		{13FE0C67-F7F3-4CDE-AF5F-A456C167CA3F}.Release|x86.Build.0 = Release|x86
		{6D5187F4-0653-4964-8A9F-9CEB040D6958}.Debug|Any CPU.ActiveCfg = Debug|Any CPU
		{6D5187F4-0653-4964-8A9F-9CEB040D6958}.Debug|Any CPU.Build.0 = Debug|Any CPU
		{6D5187F4-0653-4964-8A9F-9CEB040D6958}.Debug|x64.ActiveCfg = Debug|Any CPU
		{6D5187F4-0653-4964-8A9F-9CEB040D6958}.Debug|x64.Build.0 = Debug|Any CPU
		{6D5187F4-0653-4964-8A9F-9CEB040D6958}.Debug|x86.ActiveCfg = Debug|x86
		{6D5187F4-0653-4964-8A9F-9CEB040D6958}.Debug|x86.Build.0 = Debug|x86
		{6D5187F4-0653-4964-8A9F-9CEB040D6958}.Release|Any CPU.ActiveCfg = Release|Any CPU
		{6D5187F4-0653-4964-8A9F-9CEB040D6958}.Release|Any CPU.Build.0 = Release|Any CPU
		{6D5187F4-0653-4964-8A9F-9CEB040D6958}.Release|x64.ActiveCfg = Release|Any CPU
		{6D5187F4-0653-4964-8A9F-9CEB040D6958}.Release|x64.Build.0 = Release|Any CPU
		{6D5187F4-0653-4964-8A9F-9CEB040D6958}.Release|x86.ActiveCfg = Release|x86
		{6D5187F4-0653-4964-8A9F-9CEB040D6958}.Release|x86.Build.0 = Release|x86
		{99F02611-6C48-4939-A647-24D3000A174A}.Debug|Any CPU.ActiveCfg = Debug|Any CPU
		{99F02611-6C48-4939-A647-24D3000A174A}.Debug|Any CPU.Build.0 = Debug|Any CPU
		{99F02611-6C48-4939-A647-24D3000A174A}.Debug|x64.ActiveCfg = Debug|x64
		{99F02611-6C48-4939-A647-24D3000A174A}.Debug|x64.Build.0 = Debug|x64
		{99F02611-6C48-4939-A647-24D3000A174A}.Debug|x86.ActiveCfg = Debug|x86
		{99F02611-6C48-4939-A647-24D3000A174A}.Debug|x86.Build.0 = Debug|x86
		{99F02611-6C48-4939-A647-24D3000A174A}.Release|Any CPU.ActiveCfg = Release|Any CPU
		{99F02611-6C48-4939-A647-24D3000A174A}.Release|Any CPU.Build.0 = Release|Any CPU
		{99F02611-6C48-4939-A647-24D3000A174A}.Release|x64.ActiveCfg = Release|x64
		{99F02611-6C48-4939-A647-24D3000A174A}.Release|x64.Build.0 = Release|x64
		{99F02611-6C48-4939-A647-24D3000A174A}.Release|x86.ActiveCfg = Release|x86
		{99F02611-6C48-4939-A647-24D3000A174A}.Release|x86.Build.0 = Release|x86
		{71D161CC-B765-4DD2-82C2-695E680A3183}.Debug|Any CPU.ActiveCfg = Debug|Any CPU
		{71D161CC-B765-4DD2-82C2-695E680A3183}.Debug|Any CPU.Build.0 = Debug|Any CPU
		{71D161CC-B765-4DD2-82C2-695E680A3183}.Debug|x64.ActiveCfg = Debug|Any CPU
		{71D161CC-B765-4DD2-82C2-695E680A3183}.Debug|x64.Build.0 = Debug|Any CPU
		{71D161CC-B765-4DD2-82C2-695E680A3183}.Debug|x86.ActiveCfg = Debug|x86
		{71D161CC-B765-4DD2-82C2-695E680A3183}.Debug|x86.Build.0 = Debug|x86
		{71D161CC-B765-4DD2-82C2-695E680A3183}.Release|Any CPU.ActiveCfg = Release|Any CPU
		{71D161CC-B765-4DD2-82C2-695E680A3183}.Release|Any CPU.Build.0 = Release|Any CPU
		{71D161CC-B765-4DD2-82C2-695E680A3183}.Release|x64.ActiveCfg = Release|Any CPU
		{71D161CC-B765-4DD2-82C2-695E680A3183}.Release|x64.Build.0 = Release|Any CPU
		{71D161CC-B765-4DD2-82C2-695E680A3183}.Release|x86.ActiveCfg = Release|x86
		{71D161CC-B765-4DD2-82C2-695E680A3183}.Release|x86.Build.0 = Release|x86
		{F971CFAD-61C6-4808-A913-8071B01ADCC5}.Debug|Any CPU.ActiveCfg = Debug|Any CPU
		{F971CFAD-61C6-4808-A913-8071B01ADCC5}.Debug|Any CPU.Build.0 = Debug|Any CPU
		{F971CFAD-61C6-4808-A913-8071B01ADCC5}.Debug|x64.ActiveCfg = Debug|Any CPU
		{F971CFAD-61C6-4808-A913-8071B01ADCC5}.Debug|x64.Build.0 = Debug|Any CPU
		{F971CFAD-61C6-4808-A913-8071B01ADCC5}.Debug|x86.ActiveCfg = Debug|x86
		{F971CFAD-61C6-4808-A913-8071B01ADCC5}.Debug|x86.Build.0 = Debug|x86
		{F971CFAD-61C6-4808-A913-8071B01ADCC5}.Release|Any CPU.ActiveCfg = Release|Any CPU
		{F971CFAD-61C6-4808-A913-8071B01ADCC5}.Release|Any CPU.Build.0 = Release|Any CPU
		{F971CFAD-61C6-4808-A913-8071B01ADCC5}.Release|x64.ActiveCfg = Release|Any CPU
		{F971CFAD-61C6-4808-A913-8071B01ADCC5}.Release|x64.Build.0 = Release|Any CPU
		{F971CFAD-61C6-4808-A913-8071B01ADCC5}.Release|x86.ActiveCfg = Release|x86
		{F971CFAD-61C6-4808-A913-8071B01ADCC5}.Release|x86.Build.0 = Release|x86
		{F4CB12B6-02C8-41B5-B64C-6F7742EA1898}.Debug|Any CPU.ActiveCfg = Debug|Any CPU
		{F4CB12B6-02C8-41B5-B64C-6F7742EA1898}.Debug|Any CPU.Build.0 = Debug|Any CPU
		{F4CB12B6-02C8-41B5-B64C-6F7742EA1898}.Debug|x64.ActiveCfg = Debug|Any CPU
		{F4CB12B6-02C8-41B5-B64C-6F7742EA1898}.Debug|x64.Build.0 = Debug|Any CPU
		{F4CB12B6-02C8-41B5-B64C-6F7742EA1898}.Debug|x86.ActiveCfg = Debug|x86
		{F4CB12B6-02C8-41B5-B64C-6F7742EA1898}.Debug|x86.Build.0 = Debug|x86
		{F4CB12B6-02C8-41B5-B64C-6F7742EA1898}.Release|Any CPU.ActiveCfg = Release|Any CPU
		{F4CB12B6-02C8-41B5-B64C-6F7742EA1898}.Release|Any CPU.Build.0 = Release|Any CPU
		{F4CB12B6-02C8-41B5-B64C-6F7742EA1898}.Release|x64.ActiveCfg = Release|Any CPU
		{F4CB12B6-02C8-41B5-B64C-6F7742EA1898}.Release|x64.Build.0 = Release|Any CPU
		{F4CB12B6-02C8-41B5-B64C-6F7742EA1898}.Release|x86.ActiveCfg = Release|x86
		{F4CB12B6-02C8-41B5-B64C-6F7742EA1898}.Release|x86.Build.0 = Release|x86
		{56ED8D2D-C324-460E-B0A3-76F4C7CA6405}.Debug|Any CPU.ActiveCfg = Debug|Any CPU
		{56ED8D2D-C324-460E-B0A3-76F4C7CA6405}.Debug|Any CPU.Build.0 = Debug|Any CPU
		{56ED8D2D-C324-460E-B0A3-76F4C7CA6405}.Debug|x64.ActiveCfg = Debug|Any CPU
		{56ED8D2D-C324-460E-B0A3-76F4C7CA6405}.Debug|x64.Build.0 = Debug|Any CPU
		{56ED8D2D-C324-460E-B0A3-76F4C7CA6405}.Debug|x86.ActiveCfg = Debug|Any CPU
		{56ED8D2D-C324-460E-B0A3-76F4C7CA6405}.Debug|x86.Build.0 = Debug|Any CPU
		{56ED8D2D-C324-460E-B0A3-76F4C7CA6405}.Release|Any CPU.ActiveCfg = Release|Any CPU
		{56ED8D2D-C324-460E-B0A3-76F4C7CA6405}.Release|Any CPU.Build.0 = Release|Any CPU
		{56ED8D2D-C324-460E-B0A3-76F4C7CA6405}.Release|x64.ActiveCfg = Release|Any CPU
		{56ED8D2D-C324-460E-B0A3-76F4C7CA6405}.Release|x64.Build.0 = Release|Any CPU
		{56ED8D2D-C324-460E-B0A3-76F4C7CA6405}.Release|x86.ActiveCfg = Release|Any CPU
		{56ED8D2D-C324-460E-B0A3-76F4C7CA6405}.Release|x86.Build.0 = Release|Any CPU
	EndGlobalSection
	GlobalSection(SolutionProperties) = preSolution
		HideSolutionNode = FALSE
	EndGlobalSection
	GlobalSection(ExtensibilityGlobals) = postSolution
		SolutionGuid = {F918BCAF-A071-4D85-8181-12C0987FE649}
	EndGlobalSection
EndGlobal
